
Microsoft Visual Studio Solution File, Format Version 12.00
# Visual Studio 15
VisualStudioVersion = 15.0.28307.489
MinimumVisualStudioVersion = 10.0.40219.1
Project("{9A19103F-16F7-4668-BE54-9A1E7A4F7556}") = "back-end", "back-end\back-end.csproj", "{B8A77287-9549-4330-A8A4-99D9715FBA7D}"
EndProject
Project("{9A19103F-16F7-4668-BE54-9A1E7A4F7556}") = "Interfaces", "Interfaces\Interfaces.csproj", "{E1E1C307-E8C9-4E44-8447-B4E55E6F5B78}"
EndProject
Project("{9A19103F-16F7-4668-BE54-9A1E7A4F7556}") = "Services", "Services\Services.csproj", "{55D2E5C9-54A8-481E-A22E-B8E805EA6C5E}"
EndProject
Project("{9A19103F-16F7-4668-BE54-9A1E7A4F7556}") = "Repository", "Repository\Repository.csproj", "{0AB1AADE-8D0A-45DA-8055-50CF5ED3BD52}"
EndProject
Project("{9A19103F-16F7-4668-BE54-9A1E7A4F7556}") = "Data", "Data\Data.csproj", "{E96D47A3-7F14-4C41-B83E-8D56C61C1C54}"
EndProject
Project("{9A19103F-16F7-4668-BE54-9A1E7A4F7556}") = "TDD", "TDD\TDD.csproj", "{81B28EEE-483D-49A3-9B9D-4C83A0B8DD8B}"
EndProject
Global
	GlobalSection(SolutionConfigurationPlatforms) = preSolution
		Debug|Any CPU = Debug|Any CPU
		Release|Any CPU = Release|Any CPU
	EndGlobalSection
	GlobalSection(ProjectConfigurationPlatforms) = postSolution
		{B8A77287-9549-4330-A8A4-99D9715FBA7D}.Debug|Any CPU.ActiveCfg = Debug|Any CPU
		{B8A77287-9549-4330-A8A4-99D9715FBA7D}.Debug|Any CPU.Build.0 = Debug|Any CPU
		{B8A77287-9549-4330-A8A4-99D9715FBA7D}.Release|Any CPU.ActiveCfg = Release|Any CPU
		{B8A77287-9549-4330-A8A4-99D9715FBA7D}.Release|Any CPU.Build.0 = Release|Any CPU
		{E1E1C307-E8C9-4E44-8447-B4E55E6F5B78}.Debug|Any CPU.ActiveCfg = Debug|Any CPU
		{E1E1C307-E8C9-4E44-8447-B4E55E6F5B78}.Debug|Any CPU.Build.0 = Debug|Any CPU
		{E1E1C307-E8C9-4E44-8447-B4E55E6F5B78}.Release|Any CPU.ActiveCfg = Release|Any CPU
		{E1E1C307-E8C9-4E44-8447-B4E55E6F5B78}.Release|Any CPU.Build.0 = Release|Any CPU
		{55D2E5C9-54A8-481E-A22E-B8E805EA6C5E}.Debug|Any CPU.ActiveCfg = Debug|Any CPU
		{55D2E5C9-54A8-481E-A22E-B8E805EA6C5E}.Debug|Any CPU.Build.0 = Debug|Any CPU
		{55D2E5C9-54A8-481E-A22E-B8E805EA6C5E}.Release|Any CPU.ActiveCfg = Release|Any CPU
		{55D2E5C9-54A8-481E-A22E-B8E805EA6C5E}.Release|Any CPU.Build.0 = Release|Any CPU
		{0AB1AADE-8D0A-45DA-8055-50CF5ED3BD52}.Debug|Any CPU.ActiveCfg = Debug|Any CPU
		{0AB1AADE-8D0A-45DA-8055-50CF5ED3BD52}.Debug|Any CPU.Build.0 = Debug|Any CPU
		{0AB1AADE-8D0A-45DA-8055-50CF5ED3BD52}.Release|Any CPU.ActiveCfg = Release|Any CPU
		{0AB1AADE-8D0A-45DA-8055-50CF5ED3BD52}.Release|Any CPU.Build.0 = Release|Any CPU
		{E96D47A3-7F14-4C41-B83E-8D56C61C1C54}.Debug|Any CPU.ActiveCfg = Debug|Any CPU
		{E96D47A3-7F14-4C41-B83E-8D56C61C1C54}.Debug|Any CPU.Build.0 = Debug|Any CPU
		{E96D47A3-7F14-4C41-B83E-8D56C61C1C54}.Release|Any CPU.ActiveCfg = Release|Any CPU
		{E96D47A3-7F14-4C41-B83E-8D56C61C1C54}.Release|Any CPU.Build.0 = Release|Any CPU
		{81B28EEE-483D-49A3-9B9D-4C83A0B8DD8B}.Debug|Any CPU.ActiveCfg = Debug|Any CPU
		{81B28EEE-483D-49A3-9B9D-4C83A0B8DD8B}.Debug|Any CPU.Build.0 = Debug|Any CPU
		{81B28EEE-483D-49A3-9B9D-4C83A0B8DD8B}.Release|Any CPU.ActiveCfg = Release|Any CPU
		{81B28EEE-483D-49A3-9B9D-4C83A0B8DD8B}.Release|Any CPU.Build.0 = Release|Any CPU
	EndGlobalSection
	GlobalSection(SolutionProperties) = preSolution
		HideSolutionNode = FALSE
	EndGlobalSection
	GlobalSection(ExtensibilityGlobals) = postSolution
		SolutionGuid = {96B15AA9-1C12-40B4-A98A-446F81E73937}
	EndGlobalSection
EndGlobal
